{
    "hash": "cbb938726bc2a6953bbca8e7d216968c",
    "packages": [
        {
            "package": "Qafoo/RMF",
            "version": "dev-master",
            "source-reference": "f5986d29512bfb2276ffde62921efd6776b79d70"
        },
        {
            "package": "arbitracker/systemProcess",
            "version": "0.1"
        },
        {
            "package": "pdepend/staticReflection",
            "version": "0.1"
        },
        {
            "package": "twig/twig",
            "version": "1.6.0"
        }
    ],
    "packages-dev": null,
    "aliases": [

    ]
}
