{
    "hash": "9e06807c882e6cf5d330cc972db0d7b2",
    "packages": [
        {
            "package": "Qafoo/RMF",
            "version": "dev-master",
            "source-reference": "f5986d29512bfb2276ffde62921efd6776b79d70"
        },
        {
            "package": "arbitracker/systemProcess",
            "version": "0.1"
        },
        {
            "package": "twig/twig",
            "version": "1.6.0"
        }
    ],
    "packages-dev": null,
    "aliases": [

    ]
}
