{
    "hash": "1b638dbda7d7a4136bbcdc5a113ca8c0",
    "packages": [
        {
            "package": "Qafoo/RMF",
            "version": "dev-master",
            "source-reference": "852d993d45952dbc86e2bfd78addad540bd85998",
            "commit-date": "1342375436"
        },
        {
            "package": "arbitracker/systemProcess",
            "version": "0.1"
        },
        {
            "package": "pdepend/staticReflection",
            "version": "0.1"
        },
        {
            "package": "twig/twig",
            "version": "1.6.0"
        },
        {
            "package": "twitter/bootstrap",
            "version": "0.1"
        },
        {
            "package": "zetacomponents/base",
            "version": "1.8"
        },
        {
            "package": "zetacomponents/graph",
            "version": "1.5"
        }
    ],
    "packages-dev": null,
    "aliases": [

    ],
    "minimum-stability": "stable",
    "stability-flags": {
        "qafoo/rmf": 20
    }
}
